
Microsoft Visual Studio Solution File, Format Version 12.00
# Visual Studio 2015
Project("{FAE04EC0-301F-11D3-BF4B-00C04F79EFBC}") = "YuGiOh.Plugins", "YuGiOh.Plugins.csproj", "{D4092967-E880-F172-AC9B-29F079F41BED}"
EndProject
Project("{FAE04EC0-301F-11D3-BF4B-00C04F79EFBC}") = "YuGiOh", "YuGiOh.csproj", "{77E0FBA2-805D-CD34-377E-A006DFA8A06A}"
EndProject
Project("{FAE04EC0-301F-11D3-BF4B-00C04F79EFBC}") = "YuGiOh.Editor", "YuGiOh.Editor.csproj", "{007C376D-410F-E3A8-157E-97DA9DCDCFDB}"
EndProject
Global
	GlobalSection(SolutionConfigurationPlatforms) = preSolution
		Debug|Any CPU = Debug|Any CPU
		Release|Any CPU = Release|Any CPU
	EndGlobalSection
	GlobalSection(ProjectConfigurationPlatforms) = postSolution
		{D4092967-E880-F172-AC9B-29F079F41BED}.Debug|Any CPU.ActiveCfg = Debug|Any CPU
		{D4092967-E880-F172-AC9B-29F079F41BED}.Debug|Any CPU.Build.0 = Debug|Any CPU
		{D4092967-E880-F172-AC9B-29F079F41BED}.Release|Any CPU.ActiveCfg = Release|Any CPU
		{D4092967-E880-F172-AC9B-29F079F41BED}.Release|Any CPU.Build.0 = Release|Any CPU
		{77E0FBA2-805D-CD34-377E-A006DFA8A06A}.Debug|Any CPU.ActiveCfg = Debug|Any CPU
		{77E0FBA2-805D-CD34-377E-A006DFA8A06A}.Debug|Any CPU.Build.0 = Debug|Any CPU
		{77E0FBA2-805D-CD34-377E-A006DFA8A06A}.Release|Any CPU.ActiveCfg = Release|Any CPU
		{77E0FBA2-805D-CD34-377E-A006DFA8A06A}.Release|Any CPU.Build.0 = Release|Any CPU
		{007C376D-410F-E3A8-157E-97DA9DCDCFDB}.Debug|Any CPU.ActiveCfg = Debug|Any CPU
		{007C376D-410F-E3A8-157E-97DA9DCDCFDB}.Debug|Any CPU.Build.0 = Debug|Any CPU
		{007C376D-410F-E3A8-157E-97DA9DCDCFDB}.Release|Any CPU.ActiveCfg = Release|Any CPU
		{007C376D-410F-E3A8-157E-97DA9DCDCFDB}.Release|Any CPU.Build.0 = Release|Any CPU
	EndGlobalSection
	GlobalSection(SolutionProperties) = preSolution
		HideSolutionNode = FALSE
	EndGlobalSection
EndGlobal
