Microsoft Visual Studio Solution File, Format Version 11.00
# Visual Studio 2008

Project("{F7F0C948-AC71-72A5-9D4A-DB37DFDA9FFF}") = "YuGiOh", "Assembly-CSharp-firstpass.csproj", "{026EECE1-ABE7-B795-D196-5AE8D8D0C67E}"
EndProject
Project("{F7F0C948-AC71-72A5-9D4A-DB37DFDA9FFF}") = "YuGiOh", "Assembly-CSharp.csproj", "{134C3B89-1C2F-4E15-E2A3-385F18E32A2A}"
EndProject
Project("{F7F0C948-AC71-72A5-9D4A-DB37DFDA9FFF}") = "YuGiOh", "Assembly-CSharp-Editor.csproj", "{E9CE4FCB-01C0-D497-DD09-E8498AEE89D6}"
EndProject
Global
	GlobalSection(SolutionConfigurationPlatforms) = preSolution
		Debug|Any CPU = Debug|Any CPU
		Release|Any CPU = Release|Any CPU
	EndGlobalSection
	GlobalSection(ProjectConfigurationPlatforms) = postSolution
		{026EECE1-ABE7-B795-D196-5AE8D8D0C67E}.Debug|Any CPU.ActiveCfg = Debug|Any CPU
		{026EECE1-ABE7-B795-D196-5AE8D8D0C67E}.Debug|Any CPU.Build.0 = Debug|Any CPU
		{026EECE1-ABE7-B795-D196-5AE8D8D0C67E}.Release|Any CPU.ActiveCfg = Release|Any CPU
		{026EECE1-ABE7-B795-D196-5AE8D8D0C67E}.Release|Any CPU.Build.0 = Release|Any CPU
		{134C3B89-1C2F-4E15-E2A3-385F18E32A2A}.Debug|Any CPU.ActiveCfg = Debug|Any CPU
		{134C3B89-1C2F-4E15-E2A3-385F18E32A2A}.Debug|Any CPU.Build.0 = Debug|Any CPU
		{134C3B89-1C2F-4E15-E2A3-385F18E32A2A}.Release|Any CPU.ActiveCfg = Release|Any CPU
		{134C3B89-1C2F-4E15-E2A3-385F18E32A2A}.Release|Any CPU.Build.0 = Release|Any CPU
		{E9CE4FCB-01C0-D497-DD09-E8498AEE89D6}.Debug|Any CPU.ActiveCfg = Debug|Any CPU
		{E9CE4FCB-01C0-D497-DD09-E8498AEE89D6}.Debug|Any CPU.Build.0 = Debug|Any CPU
		{E9CE4FCB-01C0-D497-DD09-E8498AEE89D6}.Release|Any CPU.ActiveCfg = Release|Any CPU
		{E9CE4FCB-01C0-D497-DD09-E8498AEE89D6}.Release|Any CPU.Build.0 = Release|Any CPU
	EndGlobalSection
	GlobalSection(SolutionProperties) = preSolution
		HideSolutionNode = FALSE
	EndGlobalSection
	GlobalSection(MonoDevelopProperties) = preSolution
		StartupItem = Assembly-CSharp.csproj
	EndGlobalSection
EndGlobal
